
Microsoft Visual Studio Solution File, Format Version 12.00
# Visual Studio Version 17
VisualStudioVersion = 17.6.33829.357
MinimumVisualStudioVersion = 10.0.40219.1
Project("{FAE04EC0-301F-11D3-BF4B-00C04F79EFBC}") = "Backend", "Backend\Backend.csproj", "{408C69D2-4159-4B86-8605-6BB3F7949147}"
EndProject
Global
	GlobalSection(SolutionConfigurationPlatforms) = preSolution
		Debug|Any CPU = Debug|Any CPU
		Release|Any CPU = Release|Any CPU
	EndGlobalSection
	GlobalSection(ProjectConfigurationPlatforms) = postSolution
		{408C69D2-4159-4B86-8605-6BB3F7949147}.Debug|Any CPU.ActiveCfg = Debug|Any CPU
		{408C69D2-4159-4B86-8605-6BB3F7949147}.Debug|Any CPU.Build.0 = Debug|Any CPU
		{408C69D2-4159-4B86-8605-6BB3F7949147}.Release|Any CPU.ActiveCfg = Release|Any CPU
		{408C69D2-4159-4B86-8605-6BB3F7949147}.Release|Any CPU.Build.0 = Release|Any CPU
	EndGlobalSection
	GlobalSection(SolutionProperties) = preSolution
		HideSolutionNode = FALSE
	EndGlobalSection
	GlobalSection(ExtensibilityGlobals) = postSolution
		SolutionGuid = {20CFD69B-41B6-4031-A991-DD6D654AD09B}
	EndGlobalSection
EndGlobal
